
Microsoft Visual Studio Solution File, Format Version 12.00
# Visual Studio Version 17
VisualStudioVersion = 17.7.34018.315
MinimumVisualStudioVersion = 10.0.40219.1
Project("{FAE04EC0-301F-11D3-BF4B-00C04F79EFBC}") = "U-LIB", "U-LIB\U-LIB.csproj", "{26BB021E-2AD2-4669-AB8E-58DF7BEA9660}"
EndProject
Global
	GlobalSection(SolutionConfigurationPlatforms) = preSolution
		Debug|Any CPU = Debug|Any CPU
		Release|Any CPU = Release|Any CPU
	EndGlobalSection
	GlobalSection(ProjectConfigurationPlatforms) = postSolution
		{26BB021E-2AD2-4669-AB8E-58DF7BEA9660}.Debug|Any CPU.ActiveCfg = Debug|Any CPU
		{26BB021E-2AD2-4669-AB8E-58DF7BEA9660}.Debug|Any CPU.Build.0 = Debug|Any CPU
		{26BB021E-2AD2-4669-AB8E-58DF7BEA9660}.Release|Any CPU.ActiveCfg = Release|Any CPU
		{26BB021E-2AD2-4669-AB8E-58DF7BEA9660}.Release|Any CPU.Build.0 = Release|Any CPU
	EndGlobalSection
	GlobalSection(SolutionProperties) = preSolution
		HideSolutionNode = FALSE
	EndGlobalSection
	GlobalSection(ExtensibilityGlobals) = postSolution
		SolutionGuid = {6C164CDD-93C4-4538-9B62-B102C5914623}
	EndGlobalSection
EndGlobal
